// !$*UTF8*$!
{
	archiveVersion = 1;
	classes = {
	};
	objectVersion = 56;
	objects = {

/* Begin PBXBuildFile section */
		2E0653C52C96704000D4780E /* TheSeeApp.swift in Sources */ = {isa = PBXBuildFile; fileRef = 2E0653C42C96704000D4780E /* TheSeeApp.swift */; };
		2E0653C72C96704000D4780E /* ContentView.swift in Sources */ = {isa = PBXBuildFile; fileRef = 2E0653C62C96704000D4780E /* ContentView.swift */; };
		2E0653C92C96704100D4780E /* Assets.xcassets in Resources */ = {isa = PBXBuildFile; fileRef = 2E0653C82C96704100D4780E /* Assets.xcassets */; };
		2E0653CC2C96704100D4780E /* Preview Assets.xcassets in Resources */ = {isa = PBXBuildFile; fileRef = 2E0653CB2C96704100D4780E /* Preview Assets.xcassets */; };
		2E0653D42C9670D100D4780E /* LocationManager.swift in Sources */ = {isa = PBXBuildFile; fileRef = 2E0653D32C9670D100D4780E /* LocationManager.swift */; };
		2E0653D72C96740100D4780E /* Welcome view.swift in Sources */ = {isa = PBXBuildFile; fileRef = 2E0653D62C96740100D4780E /* Welcome view.swift */; };
		2E0653D92C967C0300D4780E /* LoadingView.swift in Sources */ = {isa = PBXBuildFile; fileRef = 2E0653D82C967C0300D4780E /* LoadingView.swift */; };
		2E0653DB2C96862C00D4780E /* WeatherManager.swift in Sources */ = {isa = PBXBuildFile; fileRef = 2E0653DA2C96862C00D4780E /* WeatherManager.swift */; };
		2E0653DD2C97A88300D4780E /* WeatherView.swift in Sources */ = {isa = PBXBuildFile; fileRef = 2E0653DC2C97A88300D4780E /* WeatherView.swift */; };
		2E0653DF2C97A92700D4780E /* ModelData.swift in Sources */ = {isa = PBXBuildFile; fileRef = 2E0653DE2C97A92700D4780E /* ModelData.swift */; };
		2E0653E12C97A98C00D4780E /* WeatherData.json in Resources */ = {isa = PBXBuildFile; fileRef = 2E0653E02C97A98C00D4780E /* WeatherData.json */; };
		2E0653E32C97D67000D4780E /* Extensions.swift in Sources */ = {isa = PBXBuildFile; fileRef = 2E0653E22C97D67000D4780E /* Extensions.swift */; };
/* End PBXBuildFile section */

/* Begin PBXFileReference section */
		2E0653C12C96703F00D4780E /* TheSee.app */ = {isa = PBXFileReference; explicitFileType = wrapper.application; includeInIndex = 0; path = TheSee.app; sourceTree = BUILT_PRODUCTS_DIR; };
		2E0653C42C96704000D4780E /* TheSeeApp.swift */ = {isa = PBXFileReference; lastKnownFileType = sourcecode.swift; path = TheSeeApp.swift; sourceTree = "<group>"; };
		2E0653C62C96704000D4780E /* ContentView.swift */ = {isa = PBXFileReference; lastKnownFileType = sourcecode.swift; path = ContentView.swift; sourceTree = "<group>"; };
		2E0653C82C96704100D4780E /* Assets.xcassets */ = {isa = PBXFileReference; lastKnownFileType = folder.assetcatalog; path = Assets.xcassets; sourceTree = "<group>"; };
		2E0653CB2C96704100D4780E /* Preview Assets.xcassets */ = {isa = PBXFileReference; lastKnownFileType = folder.assetcatalog; path = "Preview Assets.xcassets"; sourceTree = "<group>"; };
		2E0653D32C9670D100D4780E /* LocationManager.swift */ = {isa = PBXFileReference; lastKnownFileType = sourcecode.swift; path = LocationManager.swift; sourceTree = "<group>"; };
		2E0653D62C96740100D4780E /* Welcome view.swift */ = {isa = PBXFileReference; lastKnownFileType = sourcecode.swift; path = "Welcome view.swift"; sourceTree = "<group>"; };
		2E0653D82C967C0300D4780E /* LoadingView.swift */ = {isa = PBXFileReference; lastKnownFileType = sourcecode.swift; path = LoadingView.swift; sourceTree = "<group>"; };
		2E0653DA2C96862C00D4780E /* WeatherManager.swift */ = {isa = PBXFileReference; lastKnownFileType = sourcecode.swift; path = WeatherManager.swift; sourceTree = "<group>"; };
		2E0653DC2C97A88300D4780E /* WeatherView.swift */ = {isa = PBXFileReference; lastKnownFileType = sourcecode.swift; path = WeatherView.swift; sourceTree = "<group>"; };
		2E0653DE2C97A92700D4780E /* ModelData.swift */ = {isa = PBXFileReference; lastKnownFileType = sourcecode.swift; path = ModelData.swift; sourceTree = "<group>"; };
		2E0653E02C97A98C00D4780E /* WeatherData.json */ = {isa = PBXFileReference; lastKnownFileType = text.json; path = WeatherData.json; sourceTree = "<group>"; };
		2E0653E22C97D67000D4780E /* Extensions.swift */ = {isa = PBXFileReference; lastKnownFileType = sourcecode.swift; path = Extensions.swift; sourceTree = "<group>"; };
/* End PBXFileReference section */

/* Begin PBXFrameworksBuildPhase section */
		2E0653BE2C96703F00D4780E /* Frameworks */ = {
			isa = PBXFrameworksBuildPhase;
			buildActionMask = 2147483647;
			files = (
			);
			runOnlyForDeploymentPostprocessing = 0;
		};
/* End PBXFrameworksBuildPhase section */

/* Begin PBXGroup section */
		2E0653B82C96703F00D4780E = {
			isa = PBXGroup;
			children = (
				2E0653C32C96703F00D4780E /* TheSee */,
				2E0653C22C96703F00D4780E /* Products */,
			);
			sourceTree = "<group>";
		};
		2E0653C22C96703F00D4780E /* Products */ = {
			isa = PBXGroup;
			children = (
				2E0653C12C96703F00D4780E /* TheSee.app */,
			);
			name = Products;
			sourceTree = "<group>";
		};
		2E0653C32C96703F00D4780E /* TheSee */ = {
			isa = PBXGroup;
			children = (
				2E0653D52C9672FF00D4780E /* Views */,
				2E0653D22C9670A300D4780E /* Managers */,
				2E0653C42C96704000D4780E /* TheSeeApp.swift */,
				2E0653C82C96704100D4780E /* Assets.xcassets */,
				2E0653CA2C96704100D4780E /* Preview Content */,
				2E0653E22C97D67000D4780E /* Extensions.swift */,
			);
			path = TheSee;
			sourceTree = "<group>";
		};
		2E0653CA2C96704100D4780E /* Preview Content */ = {
			isa = PBXGroup;
			children = (
				2E0653CB2C96704100D4780E /* Preview Assets.xcassets */,
				2E0653DE2C97A92700D4780E /* ModelData.swift */,
				2E0653E02C97A98C00D4780E /* WeatherData.json */,
			);
			path = "Preview Content";
			sourceTree = "<group>";
		};
		2E0653D22C9670A300D4780E /* Managers */ = {
			isa = PBXGroup;
			children = (
				2E0653D32C9670D100D4780E /* LocationManager.swift */,
				2E0653DA2C96862C00D4780E /* WeatherManager.swift */,
			);
			path = Managers;
			sourceTree = "<group>";
		};
		2E0653D52C9672FF00D4780E /* Views */ = {
			isa = PBXGroup;
			children = (
				2E0653C62C96704000D4780E /* ContentView.swift */,
				2E0653D62C96740100D4780E /* Welcome view.swift */,
				2E0653D82C967C0300D4780E /* LoadingView.swift */,
				2E0653DC2C97A88300D4780E /* WeatherView.swift */,
			);
			path = Views;
			sourceTree = "<group>";
		};
/* End PBXGroup section */

/* Begin PBXNativeTarget section */
		2E0653C02C96703F00D4780E /* TheSee */ = {
			isa = PBXNativeTarget;
			buildConfigurationList = 2E0653CF2C96704100D4780E /* Build configuration list for PBXNativeTarget "TheSee" */;
			buildPhases = (
				2E0653BD2C96703F00D4780E /* Sources */,
				2E0653BE2C96703F00D4780E /* Frameworks */,
				2E0653BF2C96703F00D4780E /* Resources */,
			);
			buildRules = (
			);
			dependencies = (
			);
			name = TheSee;
			productName = TheSee;
			productReference = 2E0653C12C96703F00D4780E /* TheSee.app */;
			productType = "com.apple.product-type.application";
		};
/* End PBXNativeTarget section */

/* Begin PBXProject section */
		2E0653B92C96703F00D4780E /* Project object */ = {
			isa = PBXProject;
			attributes = {
				BuildIndependentTargetsInParallel = 1;
				LastSwiftUpdateCheck = 1540;
				LastUpgradeCheck = 1540;
				TargetAttributes = {
					2E0653C02C96703F00D4780E = {
						CreatedOnToolsVersion = 15.4;
					};
				};
			};
			buildConfigurationList = 2E0653BC2C96703F00D4780E /* Build configuration list for PBXProject "TheSee" */;
			compatibilityVersion = "Xcode 14.0";
			developmentRegion = en;
			hasScannedForEncodings = 0;
			knownRegions = (
				en,
				Base,
			);
			mainGroup = 2E0653B82C96703F00D4780E;
			productRefGroup = 2E0653C22C96703F00D4780E /* Products */;
			projectDirPath = "";
			projectRoot = "";
			targets = (
				2E0653C02C96703F00D4780E /* TheSee */,
			);
		};
/* End PBXProject section */

/* Begin PBXResourcesBuildPhase section */
		2E0653BF2C96703F00D4780E /* Resources */ = {
			isa = PBXResourcesBuildPhase;
			buildActionMask = 2147483647;
			files = (
				2E0653E12C97A98C00D4780E /* WeatherData.json in Resources */,
				2E0653CC2C96704100D4780E /* Preview Assets.xcassets in Resources */,
				2E0653C92C96704100D4780E /* Assets.xcassets in Resources */,
			);
			runOnlyForDeploymentPostprocessing = 0;
		};
/* End PBXResourcesBuildPhase section */

/* Begin PBXSourcesBuildPhase section */
		2E0653BD2C96703F00D4780E /* Sources */ = {
			isa = PBXSourcesBuildPhase;
			buildActionMask = 2147483647;
			files = (
				2E0653DB2C96862C00D4780E /* WeatherManager.swift in Sources */,
				2E0653E32C97D67000D4780E /* Extensions.swift in Sources */,
				2E0653D72C96740100D4780E /* Welcome view.swift in Sources */,
				2E0653C72C96704000D4780E /* ContentView.swift in Sources */,
				2E0653C52C96704000D4780E /* TheSeeApp.swift in Sources */,
				2E0653D92C967C0300D4780E /* LoadingView.swift in Sources */,
				2E0653DF2C97A92700D4780E /* ModelData.swift in Sources */,
				2E0653DD2C97A88300D4780E /* WeatherView.swift in Sources */,
				2E0653D42C9670D100D4780E /* LocationManager.swift in Sources */,
			);
			runOnlyForDeploymentPostprocessing = 0;
		};
/* End PBXSourcesBuildPhase section */

/* Begin XCBuildConfiguration section */
		2E0653CD2C96704100D4780E /* Debug */ = {
			isa = XCBuildConfiguration;
			buildSettings = {
				ALWAYS_SEARCH_USER_PATHS = NO;
				ASSETCATALOG_COMPILER_GENERATE_SWIFT_ASSET_SYMBOL_EXTENSIONS = YES;
				CLANG_ANALYZER_NONNULL = YES;
				CLANG_ANALYZER_NUMBER_OBJECT_CONVERSION = YES_AGGRESSIVE;
				CLANG_CXX_LANGUAGE_STANDARD = "gnu++20";
				CLANG_ENABLE_MODULES = YES;
				CLANG_ENABLE_OBJC_ARC = YES;
				CLANG_ENABLE_OBJC_WEAK = YES;
				CLANG_WARN_BLOCK_CAPTURE_AUTORELEASING = YES;
				CLANG_WARN_BOOL_CONVERSION = YES;
				CLANG_WARN_COMMA = YES;
				CLANG_WARN_CONSTANT_CONVERSION = YES;
				CLANG_WARN_DEPRECATED_OBJC_IMPLEMENTATIONS = YES;
				CLANG_WARN_DIRECT_OBJC_ISA_USAGE = YES_ERROR;
				CLANG_WARN_DOCUMENTATION_COMMENTS = YES;
				CLANG_WARN_EMPTY_BODY = YES;
				CLANG_WARN_ENUM_CONVERSION = YES;
				CLANG_WARN_INFINITE_RECURSION = YES;
				CLANG_WARN_INT_CONVERSION = YES;
				CLANG_WARN_NON_LITERAL_NULL_CONVERSION = YES;
				CLANG_WARN_OBJC_IMPLICIT_RETAIN_SELF = YES;
				CLANG_WARN_OBJC_LITERAL_CONVERSION = YES;
				CLANG_WARN_OBJC_ROOT_CLASS = YES_ERROR;
				CLANG_WARN_QUOTED_INCLUDE_IN_FRAMEWORK_HEADER = YES;
				CLANG_WARN_RANGE_LOOP_ANALYSIS = YES;
				CLANG_WARN_STRICT_PROTOTYPES = YES;
				CLANG_WARN_SUSPICIOUS_MOVE = YES;
				CLANG_WARN_UNGUARDED_AVAILABILITY = YES_AGGRESSIVE;
				CLANG_WARN_UNREACHABLE_CODE = YES;
				CLANG_WARN__DUPLICATE_METHOD_MATCH = YES;
				COPY_PHASE_STRIP = NO;
				DEBUG_INFORMATION_FORMAT = dwarf;
				ENABLE_STRICT_OBJC_MSGSEND = YES;
				ENABLE_TESTABILITY = YES;
				ENABLE_USER_SCRIPT_SANDBOXING = YES;
				GCC_C_LANGUAGE_STANDARD = gnu17;
				GCC_DYNAMIC_NO_PIC = NO;
				GCC_NO_COMMON_BLOCKS = YES;
				GCC_OPTIMIZATION_LEVEL = 0;
				GCC_PREPROCESSOR_DEFINITIONS = (
					"DEBUG=1",
					"$(inherited)",
				);
				GCC_WARN_64_TO_32_BIT_CONVERSION = YES;
				GCC_WARN_ABOUT_RETURN_TYPE = YES_ERROR;
				GCC_WARN_UNDECLARED_SELECTOR = YES;
				GCC_WARN_UNINITIALIZED_AUTOS = YES_AGGRESSIVE;
				GCC_WARN_UNUSED_FUNCTION = YES;
				GCC_WARN_UNUSED_VARIABLE = YES;
				IPHONEOS_DEPLOYMENT_TARGET = 17.5;
				LOCALIZATION_PREFERS_STRING_CATALOGS = YES;
				MTL_ENABLE_DEBUG_INFO = INCLUDE_SOURCE;
				MTL_FAST_MATH = YES;
				ONLY_ACTIVE_ARCH = YES;
				SDKROOT = iphoneos;
				SWIFT_ACTIVE_COMPILATION_CONDITIONS = "DEBUG $(inherited)";
				SWIFT_OPTIMIZATION_LEVEL = "-Onone";
			};
			name = Debug;
		};
		2E0653CE2C96704100D4780E /* Release */ = {
			isa = XCBuildConfiguration;
			buildSettings = {
				ALWAYS_SEARCH_USER_PATHS = NO;
				ASSETCATALOG_COMPILER_GENERATE_SWIFT_ASSET_SYMBOL_EXTENSIONS = YES;
				CLANG_ANALYZER_NONNULL = YES;
				CLANG_ANALYZER_NUMBER_OBJECT_CONVERSION = YES_AGGRESSIVE;
				CLANG_CXX_LANGUAGE_STANDARD = "gnu++20";
				CLANG_ENABLE_MODULES = YES;
				CLANG_ENABLE_OBJC_ARC = YES;
				CLANG_ENABLE_OBJC_WEAK = YES;
				CLANG_WARN_BLOCK_CAPTURE_AUTORELEASING = YES;
				CLANG_WARN_BOOL_CONVERSION = YES;
				CLANG_WARN_COMMA = YES;
				CLANG_WARN_CONSTANT_CONVERSION = YES;
				CLANG_WARN_DEPRECATED_OBJC_IMPLEMENTATIONS = YES;
				CLANG_WARN_DIRECT_OBJC_ISA_USAGE = YES_ERROR;
				CLANG_WARN_DOCUMENTATION_COMMENTS = YES;
				CLANG_WARN_EMPTY_BODY = YES;
				CLANG_WARN_ENUM_CONVERSION = YES;
				CLANG_WARN_INFINITE_RECURSION = YES;
				CLANG_WARN_INT_CONVERSION = YES;
				CLANG_WARN_NON_LITERAL_NULL_CONVERSION = YES;
				CLANG_WARN_OBJC_IMPLICIT_RETAIN_SELF = YES;
				CLANG_WARN_OBJC_LITERAL_CONVERSION = YES;
				CLANG_WARN_OBJC_ROOT_CLASS = YES_ERROR;
				CLANG_WARN_QUOTED_INCLUDE_IN_FRAMEWORK_HEADER = YES;
				CLANG_WARN_RANGE_LOOP_ANALYSIS = YES;
				CLANG_WARN_STRICT_PROTOTYPES = YES;
				CLANG_WARN_SUSPICIOUS_MOVE = YES;
				CLANG_WARN_UNGUARDED_AVAILABILITY = YES_AGGRESSIVE;
				CLANG_WARN_UNREACHABLE_CODE = YES;
				CLANG_WARN__DUPLICATE_METHOD_MATCH = YES;
				COPY_PHASE_STRIP = NO;
				DEBUG_INFORMATION_FORMAT = "dwarf-with-dsym";
				ENABLE_NS_ASSERTIONS = NO;
				ENABLE_STRICT_OBJC_MSGSEND = YES;
				ENABLE_USER_SCRIPT_SANDBOXING = YES;
				GCC_C_LANGUAGE_STANDARD = gnu17;
				GCC_NO_COMMON_BLOCKS = YES;
				GCC_WARN_64_TO_32_BIT_CONVERSION = YES;
				GCC_WARN_ABOUT_RETURN_TYPE = YES_ERROR;
				GCC_WARN_UNDECLARED_SELECTOR = YES;
				GCC_WARN_UNINITIALIZED_AUTOS = YES_AGGRESSIVE;
				GCC_WARN_UNUSED_FUNCTION = YES;
				GCC_WARN_UNUSED_VARIABLE = YES;
				IPHONEOS_DEPLOYMENT_TARGET = 17.5;
				LOCALIZATION_PREFERS_STRING_CATALOGS = YES;
				MTL_ENABLE_DEBUG_INFO = NO;
				MTL_FAST_MATH = YES;
				SDKROOT = iphoneos;
				SWIFT_COMPILATION_MODE = wholemodule;
				VALIDATE_PRODUCT = YES;
			};
			name = Release;
		};
		2E0653D02C96704100D4780E /* Debug */ = {
			isa = XCBuildConfiguration;
			buildSettings = {
				ASSETCATALOG_COMPILER_APPICON_NAME = AppIcon;
				ASSETCATALOG_COMPILER_GLOBAL_ACCENT_COLOR_NAME = AccentColor;
				CODE_SIGN_STYLE = Automatic;
				CURRENT_PROJECT_VERSION = 1;
				DEVELOPMENT_ASSET_PATHS = "\"TheSee/Preview Content\"";
				DEVELOPMENT_TEAM = 6627YP7862;
				ENABLE_PREVIEWS = YES;
				GENERATE_INFOPLIST_FILE = YES;
				INFOPLIST_KEY_UIApplicationSceneManifest_Generation = YES;
				INFOPLIST_KEY_UIApplicationSupportsIndirectInputEvents = YES;
				INFOPLIST_KEY_UILaunchScreen_Generation = YES;
				INFOPLIST_KEY_UISupportedInterfaceOrientations_iPad = "UIInterfaceOrientationPortrait UIInterfaceOrientationPortraitUpsideDown UIInterfaceOrientationLandscapeLeft UIInterfaceOrientationLandscapeRight";
				INFOPLIST_KEY_UISupportedInterfaceOrientations_iPhone = "UIInterfaceOrientationPortrait UIInterfaceOrientationLandscapeLeft UIInterfaceOrientationLandscapeRight";
				LD_RUNPATH_SEARCH_PATHS = (
					"$(inherited)",
					"@executable_path/Frameworks",
				);
				MARKETING_VERSION = 1.0;
				PRODUCT_BUNDLE_IDENTIFIER = com.kyle.morgan.TheSee;
				PRODUCT_NAME = "$(TARGET_NAME)";
				SWIFT_EMIT_LOC_STRINGS = YES;
				SWIFT_VERSION = 5.0;
				TARGETED_DEVICE_FAMILY = "1,2";
			};
			name = Debug;
		};
		2E0653D12C96704100D4780E /* Release */ = {
			isa = XCBuildConfiguration;
			buildSettings = {
				ASSETCATALOG_COMPILER_APPICON_NAME = AppIcon;
				ASSETCATALOG_COMPILER_GLOBAL_ACCENT_COLOR_NAME = AccentColor;
				CODE_SIGN_STYLE = Automatic;
				CURRENT_PROJECT_VERSION = 1;
				DEVELOPMENT_ASSET_PATHS = "\"TheSee/Preview Content\"";
				DEVELOPMENT_TEAM = 6627YP7862;
				ENABLE_PREVIEWS = YES;
				GENERATE_INFOPLIST_FILE = YES;
				INFOPLIST_KEY_UIApplicationSceneManifest_Generation = YES;
				INFOPLIST_KEY_UIApplicationSupportsIndirectInputEvents = YES;
				INFOPLIST_KEY_UILaunchScreen_Generation = YES;
				INFOPLIST_KEY_UISupportedInterfaceOrientations_iPad = "UIInterfaceOrientationPortrait UIInterfaceOrientationPortraitUpsideDown UIInterfaceOrientationLandscapeLeft UIInterfaceOrientationLandscapeRight";
				INFOPLIST_KEY_UISupportedInterfaceOrientations_iPhone = "UIInterfaceOrientationPortrait UIInterfaceOrientationLandscapeLeft UIInterfaceOrientationLandscapeRight";
				LD_RUNPATH_SEARCH_PATHS = (
					"$(inherited)",
					"@executable_path/Frameworks",
				);
				MARKETING_VERSION = 1.0;
				PRODUCT_BUNDLE_IDENTIFIER = com.kyle.morgan.TheSee;
				PRODUCT_NAME = "$(TARGET_NAME)";
				SWIFT_EMIT_LOC_STRINGS = YES;
				SWIFT_VERSION = 5.0;
				TARGETED_DEVICE_FAMILY = "1,2";
			};
			name = Release;
		};
/* End XCBuildConfiguration section */

/* Begin XCConfigurationList section */
		2E0653BC2C96703F00D4780E /* Build configuration list for PBXProject "TheSee" */ = {
			isa = XCConfigurationList;
			buildConfigurations = (
				2E0653CD2C96704100D4780E /* Debug */,
				2E0653CE2C96704100D4780E /* Release */,
			);
			defaultConfigurationIsVisible = 0;
			defaultConfigurationName = Release;
		};
		2E0653CF2C96704100D4780E /* Build configuration list for PBXNativeTarget "TheSee" */ = {
			isa = XCConfigurationList;
			buildConfigurations = (
				2E0653D02C96704100D4780E /* Debug */,
				2E0653D12C96704100D4780E /* Release */,
			);
			defaultConfigurationIsVisible = 0;
			defaultConfigurationName = Release;
		};
/* End XCConfigurationList section */
	};
	rootObject = 2E0653B92C96703F00D4780E /* Project object */;
}
